
Microsoft Visual Studio Solution File, Format Version 12.00
# Visual Studio Version 16
VisualStudioVersion = 16.0.30503.244
MinimumVisualStudioVersion = 10.0.40219.1
Project("{FAE04EC0-301F-11D3-BF4B-00C04F79EFBC}") = "TP1_OO", "TP1_OO\TP1_OO.csproj", "{8A34F788-15AF-474F-9950-8310971BBD5F}"
EndProject
Global
	GlobalSection(SolutionConfigurationPlatforms) = preSolution
		Debug|Any CPU = Debug|Any CPU
		Release|Any CPU = Release|Any CPU
	EndGlobalSection
	GlobalSection(ProjectConfigurationPlatforms) = postSolution
		{8A34F788-15AF-474F-9950-8310971BBD5F}.Debug|Any CPU.ActiveCfg = Debug|Any CPU
		{8A34F788-15AF-474F-9950-8310971BBD5F}.Debug|Any CPU.Build.0 = Debug|Any CPU
		{8A34F788-15AF-474F-9950-8310971BBD5F}.Release|Any CPU.ActiveCfg = Release|Any CPU
		{8A34F788-15AF-474F-9950-8310971BBD5F}.Release|Any CPU.Build.0 = Release|Any CPU
	EndGlobalSection
	GlobalSection(SolutionProperties) = preSolution
		HideSolutionNode = FALSE
	EndGlobalSection
	GlobalSection(ExtensibilityGlobals) = postSolution
		SolutionGuid = {7979E5DC-54DE-4174-BC7E-E737E4E20E25}
	EndGlobalSection
EndGlobal
